
Microsoft Visual Studio Solution File, Format Version 12.00
Project("{FAE04EC0-301F-11D3-BF4B-00C04F79EFBC}") = "Rehber", "Rehber.csproj", "{054A0E05-0DBA-452D-BCB7-5642DFC9002E}"
EndProject
Global
	GlobalSection(SolutionConfigurationPlatforms) = preSolution
		Debug|Any CPU = Debug|Any CPU
		Release|Any CPU = Release|Any CPU
	EndGlobalSection
	GlobalSection(ProjectConfigurationPlatforms) = postSolution
		{054A0E05-0DBA-452D-BCB7-5642DFC9002E}.Debug|Any CPU.ActiveCfg = Debug|Any CPU
		{054A0E05-0DBA-452D-BCB7-5642DFC9002E}.Debug|Any CPU.Build.0 = Debug|Any CPU
		{054A0E05-0DBA-452D-BCB7-5642DFC9002E}.Release|Any CPU.ActiveCfg = Release|Any CPU
		{054A0E05-0DBA-452D-BCB7-5642DFC9002E}.Release|Any CPU.Build.0 = Release|Any CPU
	EndGlobalSection
EndGlobal
